
Microsoft Visual Studio Solution File, Format Version 12.00
# Visual Studio Version 17
VisualStudioVersion = 17.11.35312.102
MinimumVisualStudioVersion = 10.0.40219.1
Project("{9092AA53-FB77-4645-B42D-1CCCA6BD08BD}") = "whatsapp-web-api", "whatsapp-web-api.njsproj", "{7FD10B48-2F99-4CF1-847C-DE7110FB9E1F}"
EndProject
Global
	GlobalSection(SolutionConfigurationPlatforms) = preSolution
		Debug|Any CPU = Debug|Any CPU
		Release|Any CPU = Release|Any CPU
	EndGlobalSection
	GlobalSection(ProjectConfigurationPlatforms) = postSolution
		{7FD10B48-2F99-4CF1-847C-DE7110FB9E1F}.Debug|Any CPU.ActiveCfg = Debug|Any CPU
		{7FD10B48-2F99-4CF1-847C-DE7110FB9E1F}.Debug|Any CPU.Build.0 = Debug|Any CPU
		{7FD10B48-2F99-4CF1-847C-DE7110FB9E1F}.Release|Any CPU.ActiveCfg = Release|Any CPU
		{7FD10B48-2F99-4CF1-847C-DE7110FB9E1F}.Release|Any CPU.Build.0 = Release|Any CPU
	EndGlobalSection
	GlobalSection(SolutionProperties) = preSolution
		HideSolutionNode = FALSE
	EndGlobalSection
	GlobalSection(ExtensibilityGlobals) = postSolution
		SolutionGuid = {91453504-D22E-4A32-AF29-A7ABEBC18300}
	EndGlobalSection
EndGlobal
